
Microsoft Visual Studio Solution File, Format Version 12.00
# Visual Studio Version 17
VisualStudioVersion = 17.0.31903.59
MinimumVisualStudioVersion = 10.0.40219.1
Project("{FAE04EC0-301F-11D3-BF4B-00C04F79EFBC}") = "RentOutBackEnd.Domain", "RentOutBackEnd.Domain\RentOutBackEnd.Domain.csproj", "{468B64CC-C8EE-4A00-B20E-CFEBF4D38226}"
EndProject
Project("{FAE04EC0-301F-11D3-BF4B-00C04F79EFBC}") = "RentOutBackEnd.Application", "RentOutBackEnd.Application\RentOutBackEnd.Application.csproj", "{261F72CB-D235-43CB-BC7F-158892026CCB}"
EndProject
Project("{FAE04EC0-301F-11D3-BF4B-00C04F79EFBC}") = "RentOutBackEnd.Infrastructure", "RentOutBackEnd.Infrastructure\RentOutBackEnd.Infrastructure.csproj", "{06B0C7E3-A9A3-4D76-8FE9-C67B8E37A1FC}"
EndProject
Project("{FAE04EC0-301F-11D3-BF4B-00C04F79EFBC}") = "RentOutBackEnd.Presentation", "RentOutBackEnd.Presentation\RentOutBackEnd.Presentation.csproj", "{89556BE8-ADFB-4B56-8599-0A06874EAA65}"
EndProject
Global
	GlobalSection(SolutionConfigurationPlatforms) = preSolution
		Debug|Any CPU = Debug|Any CPU
		Release|Any CPU = Release|Any CPU
	EndGlobalSection
	GlobalSection(SolutionProperties) = preSolution
		HideSolutionNode = FALSE
	EndGlobalSection
	GlobalSection(ProjectConfigurationPlatforms) = postSolution
		{468B64CC-C8EE-4A00-B20E-CFEBF4D38226}.Debug|Any CPU.ActiveCfg = Debug|Any CPU
		{468B64CC-C8EE-4A00-B20E-CFEBF4D38226}.Debug|Any CPU.Build.0 = Debug|Any CPU
		{468B64CC-C8EE-4A00-B20E-CFEBF4D38226}.Release|Any CPU.ActiveCfg = Release|Any CPU
		{468B64CC-C8EE-4A00-B20E-CFEBF4D38226}.Release|Any CPU.Build.0 = Release|Any CPU
		{261F72CB-D235-43CB-BC7F-158892026CCB}.Debug|Any CPU.ActiveCfg = Debug|Any CPU
		{261F72CB-D235-43CB-BC7F-158892026CCB}.Debug|Any CPU.Build.0 = Debug|Any CPU
		{261F72CB-D235-43CB-BC7F-158892026CCB}.Release|Any CPU.ActiveCfg = Release|Any CPU
		{261F72CB-D235-43CB-BC7F-158892026CCB}.Release|Any CPU.Build.0 = Release|Any CPU
		{06B0C7E3-A9A3-4D76-8FE9-C67B8E37A1FC}.Debug|Any CPU.ActiveCfg = Debug|Any CPU
		{06B0C7E3-A9A3-4D76-8FE9-C67B8E37A1FC}.Debug|Any CPU.Build.0 = Debug|Any CPU
		{06B0C7E3-A9A3-4D76-8FE9-C67B8E37A1FC}.Release|Any CPU.ActiveCfg = Release|Any CPU
		{06B0C7E3-A9A3-4D76-8FE9-C67B8E37A1FC}.Release|Any CPU.Build.0 = Release|Any CPU
		{89556BE8-ADFB-4B56-8599-0A06874EAA65}.Debug|Any CPU.ActiveCfg = Debug|Any CPU
		{89556BE8-ADFB-4B56-8599-0A06874EAA65}.Debug|Any CPU.Build.0 = Debug|Any CPU
		{89556BE8-ADFB-4B56-8599-0A06874EAA65}.Release|Any CPU.ActiveCfg = Release|Any CPU
		{89556BE8-ADFB-4B56-8599-0A06874EAA65}.Release|Any CPU.Build.0 = Release|Any CPU
	EndGlobalSection
EndGlobal
