Microsoft Visual Studio Solution File, Format Version 12.00
# Visual Studio Version 17
VisualStudioVersion = 17.0.31903.59
MinimumVisualStudioVersion = 10.0.40219.1
Project("{FAE04EC0-301F-11D3-BF4B-00C04F79EFBC}") = "RentlystBackEnd.Domain", "RentlystBackEnd.Domain\RentlystBackEnd.Domain.csproj", "{468B64CC-C8EE-4A00-B20E-CFEBF4D38226}"
EndProject
Project("{FAE04EC0-301F-11D3-BF4B-00C04F79EFBC}") = "RentlystBackEnd.Presentation", "RentlystBackEnd.Presentation\RentlystBackEnd.Presentation.csproj", "{89556BE8-ADFB-4B56-8599-0A06874EAA65}"
EndProject
Global
	GlobalSection(SolutionConfigurationPlatforms) = preSolution
		Debug|Any CPU = Debug|Any CPU
		Release|Any CPU = Release|Any CPU
	EndGlobalSection
	GlobalSection(SolutionProperties) = preSolution
		HideSolutionNode = FALSE
	EndGlobalSection
	GlobalSection(ProjectConfigurationPlatforms) = postSolution
		{468B64CC-C8EE-4A00-B20E-CFEBF4D38226}.Debug|Any CPU.ActiveCfg = Debug|Any CPU
		{468B64CC-C8EE-4A00-B20E-CFEBF4D38226}.Debug|Any CPU.Build.0 = Debug|Any CPU
		{468B64CC-C8EE-4A00-B20E-CFEBF4D38226}.Release|Any CPU.ActiveCfg = Release|Any CPU
		{468B64CC-C8EE-4A00-B20E-CFEBF4D38226}.Release|Any CPU.Build.0 = Release|Any CPU
		{89556BE8-ADFB-4B56-8599-0A06874EAA65}.Debug|Any CPU.ActiveCfg = Debug|Any CPU
		{89556BE8-ADFB-4B56-8599-0A06874EAA65}.Debug|Any CPU.Build.0 = Debug|Any CPU
		{89556BE8-ADFB-4B56-8599-0A06874EAA65}.Release|Any CPU.ActiveCfg = Release|Any CPU
		{89556BE8-ADFB-4B56-8599-0A06874EAA65}.Release|Any CPU.Build.0 = Release|Any CPU
	EndGlobalSection
EndGlobal
